
Microsoft Visual Studio Solution File, Format Version 12.00
# Visual Studio 14
VisualStudioVersion = 14.0.25420.1
MinimumVisualStudioVersion = 10.0.40219.1
Project("{FAE04EC0-301F-11D3-BF4B-00C04F79EFBC}") = "Calcu_main", "Calcu_main\Calcu_main.csproj", "{33744C97-E169-4B99-B468-372C9250F6F3}"
EndProject
Project("{FAE04EC0-301F-11D3-BF4B-00C04F79EFBC}") = "Calcu_lib", "Calcu_lib\Calcu_lib.csproj", "{845F6FC9-04B3-4019-A277-933AD406C4CD}"
EndProject
Project("{FAE04EC0-301F-11D3-BF4B-00C04F79EFBC}") = "Computer", "Computer\Computer.csproj", "{4625CDB9-5735-4E7D-B712-D6186CFCBE31}"
EndProject
Project("{FAE04EC0-301F-11D3-BF4B-00C04F79EFBC}") = "Trigo_lib", "Trigo_lib\Trigo_lib.csproj", "{8CD0A7A7-6697-4F49-B7D7-7DB106457A68}"
EndProject
Project("{FAE04EC0-301F-11D3-BF4B-00C04F79EFBC}") = "Differential_lib", "Differential_lib\Differential_lib.csproj", "{22206900-68CB-4C07-B2D5-359FF306A4B2}"
EndProject
Global
	GlobalSection(SolutionConfigurationPlatforms) = preSolution
		Debug|Any CPU = Debug|Any CPU
		Release|Any CPU = Release|Any CPU
	EndGlobalSection
	GlobalSection(ProjectConfigurationPlatforms) = postSolution
		{33744C97-E169-4B99-B468-372C9250F6F3}.Debug|Any CPU.ActiveCfg = Debug|Any CPU
		{33744C97-E169-4B99-B468-372C9250F6F3}.Debug|Any CPU.Build.0 = Debug|Any CPU
		{33744C97-E169-4B99-B468-372C9250F6F3}.Release|Any CPU.ActiveCfg = Release|Any CPU
		{33744C97-E169-4B99-B468-372C9250F6F3}.Release|Any CPU.Build.0 = Release|Any CPU
		{845F6FC9-04B3-4019-A277-933AD406C4CD}.Debug|Any CPU.ActiveCfg = Debug|Any CPU
		{845F6FC9-04B3-4019-A277-933AD406C4CD}.Debug|Any CPU.Build.0 = Debug|Any CPU
		{845F6FC9-04B3-4019-A277-933AD406C4CD}.Release|Any CPU.ActiveCfg = Release|Any CPU
		{845F6FC9-04B3-4019-A277-933AD406C4CD}.Release|Any CPU.Build.0 = Release|Any CPU
		{4625CDB9-5735-4E7D-B712-D6186CFCBE31}.Debug|Any CPU.ActiveCfg = Debug|Any CPU
		{4625CDB9-5735-4E7D-B712-D6186CFCBE31}.Debug|Any CPU.Build.0 = Debug|Any CPU
		{4625CDB9-5735-4E7D-B712-D6186CFCBE31}.Release|Any CPU.ActiveCfg = Release|Any CPU
		{4625CDB9-5735-4E7D-B712-D6186CFCBE31}.Release|Any CPU.Build.0 = Release|Any CPU
		{8CD0A7A7-6697-4F49-B7D7-7DB106457A68}.Debug|Any CPU.ActiveCfg = Debug|Any CPU
		{8CD0A7A7-6697-4F49-B7D7-7DB106457A68}.Debug|Any CPU.Build.0 = Debug|Any CPU
		{8CD0A7A7-6697-4F49-B7D7-7DB106457A68}.Release|Any CPU.ActiveCfg = Release|Any CPU
		{8CD0A7A7-6697-4F49-B7D7-7DB106457A68}.Release|Any CPU.Build.0 = Release|Any CPU
		{22206900-68CB-4C07-B2D5-359FF306A4B2}.Debug|Any CPU.ActiveCfg = Debug|Any CPU
		{22206900-68CB-4C07-B2D5-359FF306A4B2}.Debug|Any CPU.Build.0 = Debug|Any CPU
		{22206900-68CB-4C07-B2D5-359FF306A4B2}.Release|Any CPU.ActiveCfg = Release|Any CPU
		{22206900-68CB-4C07-B2D5-359FF306A4B2}.Release|Any CPU.Build.0 = Release|Any CPU
	EndGlobalSection
	GlobalSection(SolutionProperties) = preSolution
		HideSolutionNode = FALSE
	EndGlobalSection
EndGlobal
